
Microsoft Visual Studio Solution File, Format Version 12.00
# Visual Studio Version 16
VisualStudioVersion = 16.0.29806.167
MinimumVisualStudioVersion = 10.0.40219.1
Project("{9A19103F-16F7-4668-BE54-9A1E7A4F7556}") = "DeeJay", "DeeJay\DeeJay.csproj", "{D646C453-1888-48D6-B25E-94FC378BD81B}"
EndProject
Project("{FAE04EC0-301F-11D3-BF4B-00C04F79EFBC}") = "CookieTool", "CookieTool\CookieTool.csproj", "{3D074714-B68F-44C2-AD7B-BFDE0D55EAE1}"
EndProject
Global
	GlobalSection(SolutionConfigurationPlatforms) = preSolution
		Debug|Any CPU = Debug|Any CPU
		Release|Any CPU = Release|Any CPU
	EndGlobalSection
	GlobalSection(ProjectConfigurationPlatforms) = postSolution
		{D646C453-1888-48D6-B25E-94FC378BD81B}.Debug|Any CPU.ActiveCfg = Debug|Any CPU
		{D646C453-1888-48D6-B25E-94FC378BD81B}.Debug|Any CPU.Build.0 = Debug|Any CPU
		{D646C453-1888-48D6-B25E-94FC378BD81B}.Release|Any CPU.ActiveCfg = Release|Any CPU
		{D646C453-1888-48D6-B25E-94FC378BD81B}.Release|Any CPU.Build.0 = Release|Any CPU
		{3D074714-B68F-44C2-AD7B-BFDE0D55EAE1}.Debug|Any CPU.ActiveCfg = Debug|Any CPU
		{3D074714-B68F-44C2-AD7B-BFDE0D55EAE1}.Debug|Any CPU.Build.0 = Debug|Any CPU
		{3D074714-B68F-44C2-AD7B-BFDE0D55EAE1}.Release|Any CPU.ActiveCfg = Release|Any CPU
		{3D074714-B68F-44C2-AD7B-BFDE0D55EAE1}.Release|Any CPU.Build.0 = Release|Any CPU
	EndGlobalSection
	GlobalSection(SolutionProperties) = preSolution
		HideSolutionNode = FALSE
	EndGlobalSection
	GlobalSection(ExtensibilityGlobals) = postSolution
		SolutionGuid = {6898C11A-98F6-48B4-8254-CD874CB84F40}
	EndGlobalSection
EndGlobal
